{
    "_meta": {
        "hash": {
            "sha256": "8f1ae8747d475f1ad2a19d55152dcc822e53ca08b6d0da07c405b06c7694ad24"
        },
        "pipfile-spec": 6,
        "requires": {
            "python_version": "3.9"
        },
        "sources": [
            {
                "name": "pypi",
                "url": "https://pypi.org/simple",
                "verify_ssl": true
            }
        ]
    },
    "default": {
        "blis": {
            "hashes": [
                "sha256:0c185979f8f528d634f5548b8cd84ab0366d340c27c039ad3937fab186c1c252",
                "sha256:0e476931f0d5703a21c77e7f69b8ebdeeea493fc7858a86f627ac2b376a12c8d",
                "sha256:2339cb19594134775bda8b86f23a893828fc7e8d63f09ba9a15f30b2b16c966c",
                "sha256:31401da283ed42905f0fbf2f8b88ea424c6a911482426f84b5b88c54d382e4d1",
                "sha256:5023781272e0b2868be2f92017aa6836557990f1ca5ba2af5e9f5a0acf04fd8a",
                "sha256:5812a7c04561ae7332cf730f57d9f82cbd12c5f86a5bfad66ee244e51d06266d",
                "sha256:5966ddf3bce84aa7bb09ce4ca059309602fa63280a5d5e5365bb2a294bd5a138",
                "sha256:65ba723821cc57eb4227eb8dd05c57fff23d97f826d4325b316cd8a63aac8d6a",
                "sha256:66204a19e38986645940c887498c7b5520efb5bbc6526bf1b8a58f7d3eb37da0",
                "sha256:730952f74adb0fa7dde9f1bc11249d5a64f3a3a9cf7dfa23b189a4b767bdf2d0",
                "sha256:833e01e9eaff4c01aa6e049bbc1e6acb9eca6ee513d7b35b5bf135d49705ad33",
                "sha256:8345bd04777557ef385e2f2d1f14a19d53b2ea9ca5fe107a2cdc50d7bafb8eb2",
                "sha256:9eecfce3d8fce61dede7b0ae0dffa461c22072437b6cde85587db0c1aa75b450",
                "sha256:ad4af690c37a5953d3aea660ad89b636bfbb80ca1470995554670ca2143f0cb2",
                "sha256:cf11c233ea5c2d30683e7c9641c5dc4cd76ed0f64755ba3321dfb8db39feb316",
                "sha256:d9034dabce4e42e3a1a7b99cc6de430484c8c369e51556ee8d47a53c085de681"
            ],
            "version": "==0.7.5"
        },
        "catalogue": {
            "hashes": [
                "sha256:336a35603f447167042ef504114d6befa46688f03f4c14dabdc633a44587b245",
                "sha256:34ebb5cd2b98f7fa7421fa0eead3b84e577243532509b3fa8cd04abcc9f61d3c"
            ],
            "markers": "python_version >= '3.6'",
            "version": "==2.0.6"
        },
        "certifi": {
            "hashes": [
                "sha256:78884e7c1d4b00ce3cea67b44566851c4343c120abd683433ce934a68ea58872",
                "sha256:d62a0163eb4c2344ac042ab2bdf75399a71a2d8c7d47eac2e2ee91b9d6339569"
            ],
            "version": "==2021.10.8"
        },
        "charset-normalizer": {
            "hashes": [
                "sha256:1eecaa09422db5be9e29d7fc65664e6c33bd06f9ced7838578ba40d58bdf3721",
                "sha256:b0b883e8e874edfdece9c28f314e3dd5badf067342e42fb162203335ae61aa2c"
            ],
            "markers": "python_version >= '3'",
            "version": "==2.0.9"
        },
        "click": {
            "hashes": [
                "sha256:353f466495adaeb40b6b5f592f9f91cb22372351c84caeb068132442a4518ef3",
                "sha256:410e932b050f5eed773c4cda94de75971c89cdb3155a72a0831139a79e5ecb5b"
            ],
            "markers": "python_version >= '3.6'",
            "version": "==8.0.3"
        },
        "cymem": {
            "hashes": [
                "sha256:04676d696596b0db3f3c5a3936bab12fb6f24278921a6622bb185e61765b2b4d",
                "sha256:169725b5816959d34de2545b33fee6a8021a6e08818794a426c5a4f981f17e5e",
                "sha256:2aa3fa467d906cd2c27fa0a2e2952dd7925f5fcc7973fab6d815ef6acb25aad8",
                "sha256:4749f220e4c06ec44eb10de13794ff0508cdc4f8eff656cf49cab2cdb3122c0c",
                "sha256:492084aef23ac2ff3da3729e9d36340bc91a96c2dc8c3a82a1926e384ab52412",
                "sha256:4f87fe087f2ae36c3e20e2b1a29d7f76a28c035372d0a97655f26223d975235a",
                "sha256:6b0d1a6b0a1296f31fa9e4b7ae5ea49394084ecc883b1ae6fec4844403c43468",
                "sha256:700540b68e96a7056d0691d467df2bbaaf0934a3e6fe2383669998cbee19580a",
                "sha256:971cf0a8437dfb4185c3049c086e463612fe849efadc0f5cc153fc81c501da7d",
                "sha256:a93fba62fe79dbf6fc4d5b6d804a6e114b44af3ff3d40a28833ee39f21bd336b",
                "sha256:af3c01e6b20f9e6c07c7d7cdb7f710e49889d3906c9a3e039546ee6636a34b9a",
                "sha256:b8e1c18bb00800425576710468299153caad20c64ddb6819d40a6a34e21ee21c",
                "sha256:c59293b232b53ebb47427f16cf648e937022f489cff36c11d1d8a1f0075b6609",
                "sha256:d7a59cef8f2fa25d12e2c30138f8623acbd43ad2715e730a709e49c5eef8e1b0",
                "sha256:dd52d8a81881804625df88453611175ab7e0099b34f52204da1f6940cf2e83c9",
                "sha256:ea535f74ab6024e7416f93de564e5c81fb7c0964b96280de66f60aeb05f0cf53"
            ],
            "version": "==2.0.6"
        },
        "flask": {
            "hashes": [
                "sha256:7b2fb8e934ddd50731893bdcdb00fc8c0315916f9fcd50d22c7cc1a95ab634e2",
                "sha256:cb90f62f1d8e4dc4621f52106613488b5ba826b2e1e10a33eac92f723093ab6a"
            ],
            "index": "pypi",
            "version": "==2.0.2"
        },
        "flask-sqlalchemy": {
            "hashes": [
                "sha256:2bda44b43e7cacb15d4e05ff3cc1f8bc97936cc464623424102bfc2c35e95912",
                "sha256:f12c3d4cc5cc7fdcc148b9527ea05671718c3ea45d50c7e732cceb33f574b390"
            ],
            "index": "pypi",
            "version": "==2.5.1"
        },
        "greenlet": {
            "hashes": [
                "sha256:00e44c8afdbe5467e4f7b5851be223be68adb4272f44696ee71fe46b7036a711",
                "sha256:013d61294b6cd8fe3242932c1c5e36e5d1db2c8afb58606c5a67efce62c1f5fd",
                "sha256:049fe7579230e44daef03a259faa24511d10ebfa44f69411d99e6a184fe68073",
                "sha256:14d4f3cd4e8b524ae9b8aa567858beed70c392fdec26dbdb0a8a418392e71708",
                "sha256:166eac03e48784a6a6e0e5f041cfebb1ab400b394db188c48b3a84737f505b67",
                "sha256:17ff94e7a83aa8671a25bf5b59326ec26da379ace2ebc4411d690d80a7fbcf23",
                "sha256:1e12bdc622676ce47ae9abbf455c189e442afdde8818d9da983085df6312e7a1",
                "sha256:21915eb821a6b3d9d8eefdaf57d6c345b970ad722f856cd71739493ce003ad08",
                "sha256:288c6a76705dc54fba69fbcb59904ae4ad768b4c768839b8ca5fdadec6dd8cfd",
                "sha256:32ca72bbc673adbcfecb935bb3fb1b74e663d10a4b241aaa2f5a75fe1d1f90aa",
                "sha256:356b3576ad078c89a6107caa9c50cc14e98e3a6c4874a37c3e0273e4baf33de8",
                "sha256:40b951f601af999a8bf2ce8c71e8aaa4e8c6f78ff8afae7b808aae2dc50d4c40",
                "sha256:572e1787d1460da79590bf44304abbc0a2da944ea64ec549188fa84d89bba7ab",
                "sha256:58df5c2a0e293bf665a51f8a100d3e9956febfbf1d9aaf8c0677cf70218910c6",
                "sha256:64e6175c2e53195278d7388c454e0b30997573f3f4bd63697f88d855f7a6a1fc",
                "sha256:7227b47e73dedaa513cdebb98469705ef0d66eb5a1250144468e9c3097d6b59b",
                "sha256:7418b6bfc7fe3331541b84bb2141c9baf1ec7132a7ecd9f375912eca810e714e",
                "sha256:7cbd7574ce8e138bda9df4efc6bf2ab8572c9aff640d8ecfece1b006b68da963",
                "sha256:7ff61ff178250f9bb3cd89752df0f1dd0e27316a8bd1465351652b1b4a4cdfd3",
                "sha256:833e1551925ed51e6b44c800e71e77dacd7e49181fdc9ac9a0bf3714d515785d",
                "sha256:8639cadfda96737427330a094476d4c7a56ac03de7265622fcf4cfe57c8ae18d",
                "sha256:8c790abda465726cfb8bb08bd4ca9a5d0a7bd77c7ac1ca1b839ad823b948ea28",
                "sha256:8d2f1fb53a421b410751887eb4ff21386d119ef9cde3797bf5e7ed49fb51a3b3",
                "sha256:903bbd302a2378f984aef528f76d4c9b1748f318fe1294961c072bdc7f2ffa3e",
                "sha256:93f81b134a165cc17123626ab8da2e30c0455441d4ab5576eed73a64c025b25c",
                "sha256:95e69877983ea39b7303570fa6760f81a3eec23d0e3ab2021b7144b94d06202d",
                "sha256:9633b3034d3d901f0a46b7939f8c4d64427dfba6bbc5a36b1a67364cf148a1b0",
                "sha256:97e5306482182170ade15c4b0d8386ded995a07d7cc2ca8f27958d34d6736497",
                "sha256:9f3cba480d3deb69f6ee2c1825060177a22c7826431458c697df88e6aeb3caee",
                "sha256:aa5b467f15e78b82257319aebc78dd2915e4c1436c3c0d1ad6f53e47ba6e2713",
                "sha256:abb7a75ed8b968f3061327c433a0fbd17b729947b400747c334a9c29a9af6c58",
                "sha256:aec52725173bd3a7b56fe91bc56eccb26fbdff1386ef123abb63c84c5b43b63a",
                "sha256:b11548073a2213d950c3f671aa88e6f83cda6e2fb97a8b6317b1b5b33d850e06",
                "sha256:b1692f7d6bc45e3200844be0dba153612103db241691088626a33ff1f24a0d88",
                "sha256:b92e29e58bef6d9cfd340c72b04d74c4b4e9f70c9fa7c78b674d1fec18896dc4",
                "sha256:be5f425ff1f5f4b3c1e33ad64ab994eed12fc284a6ea71c5243fd564502ecbe5",
                "sha256:dd0b1e9e891f69e7675ba5c92e28b90eaa045f6ab134ffe70b52e948aa175b3c",
                "sha256:e30f5ea4ae2346e62cedde8794a56858a67b878dd79f7df76a0767e356b1744a",
                "sha256:e6a36bb9474218c7a5b27ae476035497a6990e21d04c279884eb10d9b290f1b1",
                "sha256:e859fcb4cbe93504ea18008d1df98dee4f7766db66c435e4882ab35cf70cac43",
                "sha256:eb6ea6da4c787111adf40f697b4e58732ee0942b5d3bd8f435277643329ba627",
                "sha256:ec8c433b3ab0419100bd45b47c9c8551248a5aee30ca5e9d399a0b57ac04651b",
                "sha256:eff9d20417ff9dcb0d25e2defc2574d10b491bf2e693b4e491914738b7908168",
                "sha256:f0214eb2a23b85528310dad848ad2ac58e735612929c8072f6093f3585fd342d",
                "sha256:f276df9830dba7a333544bd41070e8175762a7ac20350786b322b714b0e654f5",
                "sha256:f3acda1924472472ddd60c29e5b9db0cec629fbe3c5c5accb74d6d6d14773478",
                "sha256:f70a9e237bb792c7cc7e44c531fd48f5897961701cdaa06cf22fc14965c496cf",
                "sha256:f9d29ca8a77117315101425ec7ec2a47a22ccf59f5593378fc4077ac5b754fce",
                "sha256:fa877ca7f6b48054f847b61d6fa7bed5cebb663ebc55e018fda12db09dcc664c",
                "sha256:fdcec0b8399108577ec290f55551d926d9a1fa6cad45882093a7a07ac5ec147b"
            ],
            "markers": "python_version >= '2.7' and python_version not in '3.0, 3.1, 3.2, 3.3, 3.4'",
            "version": "==1.1.2"
        },
        "idna": {
            "hashes": [
                "sha256:84d9dd047ffa80596e0f246e2eab0b391788b0503584e8945f2368256d2735ff",
                "sha256:9d643ff0a55b762d5cdb124b8eaa99c66322e2157b69160bc32796e824360e6d"
            ],
            "markers": "python_version >= '3'",
            "version": "==3.3"
        },
        "itsdangerous": {
            "hashes": [
                "sha256:5174094b9637652bdb841a3029700391451bd092ba3db90600dea710ba28e97c",
                "sha256:9e724d68fc22902a1435351f84c3fb8623f303fffcc566a4cb952df8c572cff0"
            ],
            "markers": "python_version >= '3.6'",
            "version": "==2.0.1"
        },
        "jinja2": {
            "hashes": [
                "sha256:077ce6014f7b40d03b47d1f1ca4b0fc8328a692bd284016f806ed0eaca390ad8",
                "sha256:611bb273cd68f3b993fabdc4064fc858c5b47a973cb5aa7999ec1ba405c87cd7"
            ],
            "index": "pypi",
            "version": "==3.0.3"
        },
        "langcodes": {
            "hashes": [
                "sha256:4d89fc9acb6e9c8fdef70bcdf376113a3db09b67285d9e1d534de6d8818e7e69",
                "sha256:794d07d5a28781231ac335a1561b8442f8648ca07cd518310aeb45d6f0807ef6"
            ],
            "markers": "python_version >= '3.6'",
            "version": "==3.3.0"
        },
        "markupsafe": {
            "hashes": [
                "sha256:01a9b8ea66f1658938f65b93a85ebe8bc016e6769611be228d797c9d998dd298",
                "sha256:023cb26ec21ece8dc3907c0e8320058b2e0cb3c55cf9564da612bc325bed5e64",
                "sha256:0446679737af14f45767963a1a9ef7620189912317d095f2d9ffa183a4d25d2b",
                "sha256:04635854b943835a6ea959e948d19dcd311762c5c0c6e1f0e16ee57022669194",
                "sha256:0717a7390a68be14b8c793ba258e075c6f4ca819f15edfc2a3a027c823718567",
                "sha256:0955295dd5eec6cb6cc2fe1698f4c6d84af2e92de33fbcac4111913cd100a6ff",
                "sha256:0d4b31cc67ab36e3392bbf3862cfbadac3db12bdd8b02a2731f509ed5b829724",
                "sha256:10f82115e21dc0dfec9ab5c0223652f7197feb168c940f3ef61563fc2d6beb74",
                "sha256:168cd0a3642de83558a5153c8bd34f175a9a6e7f6dc6384b9655d2697312a646",
                "sha256:1d609f577dc6e1aa17d746f8bd3c31aa4d258f4070d61b2aa5c4166c1539de35",
                "sha256:1f2ade76b9903f39aa442b4aadd2177decb66525062db244b35d71d0ee8599b6",
                "sha256:20dca64a3ef2d6e4d5d615a3fd418ad3bde77a47ec8a23d984a12b5b4c74491a",
                "sha256:2a7d351cbd8cfeb19ca00de495e224dea7e7d919659c2841bbb7f420ad03e2d6",
                "sha256:2d7d807855b419fc2ed3e631034685db6079889a1f01d5d9dac950f764da3dad",
                "sha256:2ef54abee730b502252bcdf31b10dacb0a416229b72c18b19e24a4509f273d26",
                "sha256:36bc903cbb393720fad60fc28c10de6acf10dc6cc883f3e24ee4012371399a38",
                "sha256:37205cac2a79194e3750b0af2a5720d95f786a55ce7df90c3af697bfa100eaac",
                "sha256:3c112550557578c26af18a1ccc9e090bfe03832ae994343cfdacd287db6a6ae7",
                "sha256:3dd007d54ee88b46be476e293f48c85048603f5f516008bee124ddd891398ed6",
                "sha256:4296f2b1ce8c86a6aea78613c34bb1a672ea0e3de9c6ba08a960efe0b0a09047",
                "sha256:47ab1e7b91c098ab893b828deafa1203de86d0bc6ab587b160f78fe6c4011f75",
                "sha256:49e3ceeabbfb9d66c3aef5af3a60cc43b85c33df25ce03d0031a608b0a8b2e3f",
                "sha256:4dc8f9fb58f7364b63fd9f85013b780ef83c11857ae79f2feda41e270468dd9b",
                "sha256:4efca8f86c54b22348a5467704e3fec767b2db12fc39c6d963168ab1d3fc9135",
                "sha256:53edb4da6925ad13c07b6d26c2a852bd81e364f95301c66e930ab2aef5b5ddd8",
                "sha256:5855f8438a7d1d458206a2466bf82b0f104a3724bf96a1c781ab731e4201731a",
                "sha256:594c67807fb16238b30c44bdf74f36c02cdf22d1c8cda91ef8a0ed8dabf5620a",
                "sha256:5b6d930f030f8ed98e3e6c98ffa0652bdb82601e7a016ec2ab5d7ff23baa78d1",
                "sha256:5bb28c636d87e840583ee3adeb78172efc47c8b26127267f54a9c0ec251d41a9",
                "sha256:60bf42e36abfaf9aff1f50f52644b336d4f0a3fd6d8a60ca0d054ac9f713a864",
                "sha256:611d1ad9a4288cf3e3c16014564df047fe08410e628f89805e475368bd304914",
                "sha256:6300b8454aa6930a24b9618fbb54b5a68135092bc666f7b06901f897fa5c2fee",
                "sha256:63f3268ba69ace99cab4e3e3b5840b03340efed0948ab8f78d2fd87ee5442a4f",
                "sha256:6557b31b5e2c9ddf0de32a691f2312a32f77cd7681d8af66c2692efdbef84c18",
                "sha256:693ce3f9e70a6cf7d2fb9e6c9d8b204b6b39897a2c4a1aa65728d5ac97dcc1d8",
                "sha256:6a7fae0dd14cf60ad5ff42baa2e95727c3d81ded453457771d02b7d2b3f9c0c2",
                "sha256:6c4ca60fa24e85fe25b912b01e62cb969d69a23a5d5867682dd3e80b5b02581d",
                "sha256:6fcf051089389abe060c9cd7caa212c707e58153afa2c649f00346ce6d260f1b",
                "sha256:7d91275b0245b1da4d4cfa07e0faedd5b0812efc15b702576d103293e252af1b",
                "sha256:89c687013cb1cd489a0f0ac24febe8c7a666e6e221b783e53ac50ebf68e45d86",
                "sha256:8d206346619592c6200148b01a2142798c989edcb9c896f9ac9722a99d4e77e6",
                "sha256:905fec760bd2fa1388bb5b489ee8ee5f7291d692638ea5f67982d968366bef9f",
                "sha256:97383d78eb34da7e1fa37dd273c20ad4320929af65d156e35a5e2d89566d9dfb",
                "sha256:984d76483eb32f1bcb536dc27e4ad56bba4baa70be32fa87152832cdd9db0833",
                "sha256:99df47edb6bda1249d3e80fdabb1dab8c08ef3975f69aed437cb69d0a5de1e28",
                "sha256:9f02365d4e99430a12647f09b6cc8bab61a6564363f313126f775eb4f6ef798e",
                "sha256:a30e67a65b53ea0a5e62fe23682cfe22712e01f453b95233b25502f7c61cb415",
                "sha256:ab3ef638ace319fa26553db0624c4699e31a28bb2a835c5faca8f8acf6a5a902",
                "sha256:aca6377c0cb8a8253e493c6b451565ac77e98c2951c45f913e0b52facdcff83f",
                "sha256:add36cb2dbb8b736611303cd3bfcee00afd96471b09cda130da3581cbdc56a6d",
                "sha256:b2f4bf27480f5e5e8ce285a8c8fd176c0b03e93dcc6646477d4630e83440c6a9",
                "sha256:b7f2d075102dc8c794cbde1947378051c4e5180d52d276987b8d28a3bd58c17d",
                "sha256:baa1a4e8f868845af802979fcdbf0bb11f94f1cb7ced4c4b8a351bb60d108145",
                "sha256:be98f628055368795d818ebf93da628541e10b75b41c559fdf36d104c5787066",
                "sha256:bf5d821ffabf0ef3533c39c518f3357b171a1651c1ff6827325e4489b0e46c3c",
                "sha256:c47adbc92fc1bb2b3274c4b3a43ae0e4573d9fbff4f54cd484555edbf030baf1",
                "sha256:cdfba22ea2f0029c9261a4bd07e830a8da012291fbe44dc794e488b6c9bb353a",
                "sha256:d6c7ebd4e944c85e2c3421e612a7057a2f48d478d79e61800d81468a8d842207",
                "sha256:d7f9850398e85aba693bb640262d3611788b1f29a79f0c93c565694658f4071f",
                "sha256:d8446c54dc28c01e5a2dbac5a25f071f6653e6e40f3a8818e8b45d790fe6ef53",
                "sha256:deb993cacb280823246a026e3b2d81c493c53de6acfd5e6bfe31ab3402bb37dd",
                "sha256:e0f138900af21926a02425cf736db95be9f4af72ba1bb21453432a07f6082134",
                "sha256:e9936f0b261d4df76ad22f8fee3ae83b60d7c3e871292cd42f40b81b70afae85",
                "sha256:f0567c4dc99f264f49fe27da5f735f414c4e7e7dd850cfd8e69f0862d7c74ea9",
                "sha256:f5653a225f31e113b152e56f154ccbe59eeb1c7487b39b9d9f9cdb58e6c79dc5",
                "sha256:f826e31d18b516f653fe296d967d700fddad5901ae07c622bb3705955e1faa94",
                "sha256:f8ba0e8349a38d3001fae7eadded3f6606f0da5d748ee53cc1dab1d6527b9509",
                "sha256:f9081981fe268bd86831e5c75f7de206ef275defcb82bc70740ae6dc507aee51",
                "sha256:fa130dd50c57d53368c9d59395cb5526eda596d3ffe36666cd81a44d56e48872"
            ],
            "markers": "python_version >= '3.6'",
            "version": "==2.0.1"
        },
        "murmurhash": {
            "hashes": [
                "sha256:00a5252b569d3f914b5bd0bce72d2efe9c0fb91a9703556ea1b608b141c68f2d",
                "sha256:1431d817e1fff1ed35f8dc54dd5b4d70165ec98076de8aca351805f8037293f3",
                "sha256:2911bc3e8040dfaac536b141539b0351915f1439953f0aa9e957f082cff035a6",
                "sha256:5c7b8cc4a8db1c821b80f8ca70a25c3166b14d68ecef8693a117c6a0b1d74ace",
                "sha256:773411eba268bf524c012e781f4405aacb9ef4edc063d1f6b38bbf06358b988e",
                "sha256:7dc5a79346afa07f14384926c335c0c455226d687d1305b9378264875b450e51",
                "sha256:8de08d145c85bb7ba89cb1b591742e3ef54cede73e35f62752af687a4a1859f7",
                "sha256:90a8e06872015d6f9f66a42669e003a1df8be229defef69cd98546f4cb25546d",
                "sha256:92cd7196974307143ce8e9e9b6e22e0a57abf30bdd5a1effe696b4825677e616",
                "sha256:9d69cc0ffc0ef6d37399b8a0484a44f9877e531ebc164e55105e89738ed52089",
                "sha256:a78d53f047c3410ce4c589d9b47090f628f844ed5694418144e63cfe7f3da7e9",
                "sha256:ab326b172dc470331490bda516d4d6d7578c91445ad83a2a3418ac1b9c5f9f55",
                "sha256:cdd1036688341413e5adef32b3fd58e8b44f24405f394f90129f39ed879e4f24",
                "sha256:de267459d040c96727ba141075d5bc983ec69c6f75b6df1b703e3b5cd7090382",
                "sha256:e40790fdaf65213d70da4ed9229f16f6d6376310dc8fc23eacc98e6151c6ae7e",
                "sha256:f4ef3b26229ff192032a12653d637313e1231d23e788b83a2f4a3d8e2bf2d031"
            ],
            "version": "==1.0.6"
        },
        "numpy": {
            "hashes": [
                "sha256:0b78ecfa070460104934e2caf51694ccd00f37d5e5dbe76f021b1b0b0d221823",
                "sha256:1247ef28387b7bb7f21caf2dbe4767f4f4175df44d30604d42ad9bd701ebb31f",
                "sha256:1403b4e2181fc72664737d848b60e65150f272fe5a1c1cbc16145ed43884065a",
                "sha256:170b2a0805c6891ca78c1d96ee72e4c3ed1ae0a992c75444b6ab20ff038ba2cd",
                "sha256:2e4ed57f45f0aa38beca2a03b6532e70e548faf2debbeb3291cfc9b315d9be8f",
                "sha256:32fe5b12061f6446adcbb32cf4060a14741f9c21e15aaee59a207b6ce6423469",
                "sha256:34f3456f530ae8b44231c63082c8899fe9c983fd9b108c997c4b1c8c2d435333",
                "sha256:4c9c23158b87ed0e70d9a50c67e5c0b3f75bcf2581a8e34668d4e9d7474d76c6",
                "sha256:5d95668e727c75b3f5088ec7700e260f90ec83f488e4c0aaccb941148b2cd377",
                "sha256:615d4e328af7204c13ae3d4df7615a13ff60a49cb0d9106fde07f541207883ca",
                "sha256:69077388c5a4b997442b843dbdc3a85b420fb693ec8e33020bb24d647c164fa5",
                "sha256:74b85a17528ca60cf98381a5e779fc0264b4a88b46025e6bcbe9621f46bb3e63",
                "sha256:81225e58ef5fce7f1d80399575576fc5febec79a8a2742e8ef86d7b03beef49f",
                "sha256:8890b3360f345e8360133bc078d2dacc2843b6ee6059b568781b15b97acbe39f",
                "sha256:92aafa03da8658609f59f18722b88f0a73a249101169e28415b4fa148caf7e41",
                "sha256:9864424631775b0c052f3bd98bc2712d131b3e2cd95d1c0c68b91709170890b0",
                "sha256:9e6f5f50d1eff2f2f752b3089a118aee1ea0da63d56c44f3865681009b0af162",
                "sha256:a3deb31bc84f2b42584b8c4001c85d1934dbfb4030827110bc36bfd11509b7bf",
                "sha256:ad010846cdffe7ec27e3f933397f8a8d6c801a48634f419e3d075db27acf5880",
                "sha256:b1e2312f5b8843a3e4e8224b2b48fe16119617b8fc0a54df8f50098721b5bed2",
                "sha256:bc988afcea53e6156546e5b2885b7efab089570783d9d82caf1cfd323b0bb3dd",
                "sha256:c449eb870616a7b62e097982c622d2577b3dbc800aaf8689254ec6e0197cbf1e",
                "sha256:c74c699b122918a6c4611285cc2cad4a3aafdb135c22a16ec483340ef97d573c",
                "sha256:c885bfc07f77e8fee3dc879152ba993732601f1f11de248d4f357f0ffea6a6d4",
                "sha256:e3c3e990274444031482a31280bf48674441e0a5b55ddb168f3a6db3e0c38ec8",
                "sha256:e4799be6a2d7d3c33699a6f77201836ac975b2e1b98c2a07f66a38f499cb50ce",
                "sha256:e6c76a87633aa3fa16614b61ccedfae45b91df2767cf097aa9c933932a7ed1e0",
                "sha256:e89717274b41ebd568cd7943fc9418eeb49b1785b66031bc8a7f6300463c5898",
                "sha256:f5162ec777ba7138906c9c274353ece5603646c6965570d82905546579573f73",
                "sha256:fde96af889262e85aa033f8ee1d3241e32bf36228318a61f1ace579df4e8170d"
            ],
            "markers": "python_version < '3.11' and python_version >= '3.7'",
            "version": "==1.21.4"
        },
        "oauthlib": {
            "hashes": [
                "sha256:42bf6354c2ed8c6acb54d971fce6f88193d97297e18602a3a886603f9d7730cc",
                "sha256:8f0215fcc533dd8dd1bee6f4c412d4f0cd7297307d43ac61666389e3bc3198a3"
            ],
            "markers": "python_version >= '3.6'",
            "version": "==3.1.1"
        },
        "packaging": {
            "hashes": [
                "sha256:dd47c42927d89ab911e606518907cc2d3a1f38bbd026385970643f9c5b8ecfeb",
                "sha256:ef103e05f519cdc783ae24ea4e2e0f508a9c99b2d4969652eed6a2e1ea5bd522"
            ],
            "markers": "python_version >= '3.6'",
            "version": "==21.3"
        },
        "pathy": {
            "hashes": [
                "sha256:25fd04cec6393661113086730ce69c789d121bea83ab1aa18452e8fd42faf29a",
                "sha256:838624441f799a06b446a657e4ecc9ebc3fdd05234397e044a7c87e8f6e76b1c"
            ],
            "markers": "python_version >= '3.6'",
            "version": "==0.6.1"
        },
        "preshed": {
            "hashes": [
                "sha256:3af09f4cfcdaca085fd87dac8107617c4e2bb0ad1458f953841b71e9728287f5",
                "sha256:58661bea8d0d63a648588511407285e43d43627e27f836e30819801fb3c75d70",
                "sha256:5f99837e7353ce1fa81f0074d4b15f36e0af5af60a2a54d4d11e13cb09768a9e",
                "sha256:61b2ea656cb1c38d544cc774f1c2ad1cdab23167b46b35310a7e211d4ba9c6d0",
                "sha256:66a71ced487516cf81fd0431a3a843514262ae2f33e9a7688b87562258fa75d5",
                "sha256:6c98f725d8478f3ade4ab1ea00f50a92d2d9406d37276bc46fd8bab1d47452c4",
                "sha256:87e1add41b7f6236a3ccc34788f47ab8682bc28e8a2d369089062e274494c1a0",
                "sha256:8c60a400babfc5b25ba371fda7041be227f7c625e1fb7a43329c2c08fe00a53b",
                "sha256:92a8f49d17a63537a8beed48a049b62ef168ca07e0042a5b2bcdf178a1fb5d48",
                "sha256:a279c138ad1d5be02547b1545254929588414b01571fe637016367f6a1aa11de",
                "sha256:cfe1495fcfc7f479de840ddc4f426dbb55351e218ae5c8712c1269183a4d0060",
                "sha256:e03ae3eee961106a517fcd827b5a7c51f7317236b3e665c989054ab8dc381d28",
                "sha256:ea8aa9610837e907e8442e79300df0a861bfdb4dcaf026a5d9642a688ad04815",
                "sha256:eaffbc71fdb8625f9aac4fe7e19e20bf318d1421ea05903bebe3e6ffef27b587",
                "sha256:f92e752a868ea2690e1b38c4b775251a145e0fce36b9bdd972539e8271b7a23a",
                "sha256:fb3b7588a3a0f2f2f1bf3fe403361b2b031212b73a37025aea1df7215af3772a"
            ],
            "version": "==3.0.6"
        },
        "pydantic": {
            "hashes": [
                "sha256:021ea0e4133e8c824775a0cfe098677acf6fa5a3cbf9206a376eed3fc09302cd",
                "sha256:05ddfd37c1720c392f4e0d43c484217b7521558302e7069ce8d318438d297739",
                "sha256:05ef5246a7ffd2ce12a619cbb29f3307b7c4509307b1b49f456657b43529dc6f",
                "sha256:10e5622224245941efc193ad1d159887872776df7a8fd592ed746aa25d071840",
                "sha256:18b5ea242dd3e62dbf89b2b0ec9ba6c7b5abaf6af85b95a97b00279f65845a23",
                "sha256:234a6c19f1c14e25e362cb05c68afb7f183eb931dd3cd4605eafff055ebbf287",
                "sha256:244ad78eeb388a43b0c927e74d3af78008e944074b7d0f4f696ddd5b2af43c62",
                "sha256:26464e57ccaafe72b7ad156fdaa4e9b9ef051f69e175dbbb463283000c05ab7b",
                "sha256:41b542c0b3c42dc17da70554bc6f38cbc30d7066d2c2815a94499b5684582ecb",
                "sha256:4a03cbbe743e9c7247ceae6f0d8898f7a64bb65800a45cbdc52d65e370570820",
                "sha256:4be75bebf676a5f0f87937c6ddb061fa39cbea067240d98e298508c1bda6f3f3",
                "sha256:54cd5121383f4a461ff7644c7ca20c0419d58052db70d8791eacbbe31528916b",
                "sha256:589eb6cd6361e8ac341db97602eb7f354551482368a37f4fd086c0733548308e",
                "sha256:8621559dcf5afacf0069ed194278f35c255dc1a1385c28b32dd6c110fd6531b3",
                "sha256:8b223557f9510cf0bfd8b01316bf6dd281cf41826607eada99662f5e4963f316",
                "sha256:99a9fc39470010c45c161a1dc584997f1feb13f689ecf645f59bb4ba623e586b",
                "sha256:a7c6002203fe2c5a1b5cbb141bb85060cbff88c2d78eccbc72d97eb7022c43e4",
                "sha256:a83db7205f60c6a86f2c44a61791d993dff4b73135df1973ecd9eed5ea0bda20",
                "sha256:ac8eed4ca3bd3aadc58a13c2aa93cd8a884bcf21cb019f8cfecaae3b6ce3746e",
                "sha256:e710876437bc07bd414ff453ac8ec63d219e7690128d925c6e82889d674bb505",
                "sha256:ea5cb40a3b23b3265f6325727ddfc45141b08ed665458be8c6285e7b85bd73a1",
                "sha256:fec866a0b59f372b7e776f2d7308511784dace622e0992a0b59ea3ccee0ae833"
            ],
            "markers": "python_full_version >= '3.6.1'",
            "version": "==1.8.2"
        },
        "pyparsing": {
            "hashes": [
                "sha256:04ff808a5b90911829c55c4e26f75fa5ca8a2f5f36aa3a51f68e27033341d3e4",
                "sha256:d9bdec0013ef1eb5a84ab39a3b3868911598afa494f5faa038647101504e2b81"
            ],
            "markers": "python_version >= '3.6'",
            "version": "==3.0.6"
        },
        "python-dotenv": {
            "hashes": [
                "sha256:32b2bdc1873fd3a3c346da1c6db83d0053c3c62f28f1f38516070c4c8971b1d3",
                "sha256:a5de49a31e953b45ff2d2fd434bbc2670e8db5273606c1e737cc6b93eff3655f"
            ],
            "index": "pypi",
            "version": "==0.19.2"
        },
        "requests": {
            "hashes": [
                "sha256:6c1246513ecd5ecd4528a0906f910e8f0f9c6b8ec72030dc9fd154dc1a6efd24",
                "sha256:b8aa58f8cf793ffd8782d3d8cb19e66ef36f7aba4353eec859e74678b01b07a7"
            ],
            "markers": "python_version >= '2.7' and python_version not in '3.0, 3.1, 3.2, 3.3, 3.4, 3.5'",
            "version": "==2.26.0"
        },
        "requests-oauthlib": {
            "hashes": [
                "sha256:7f71572defaecd16372f9006f33c2ec8c077c3cfa6f5911a9a90202beb513f3d",
                "sha256:b4261601a71fd721a8bd6d7aa1cc1d6a8a93b4a9f5e96626f8e4d91e8beeaa6a",
                "sha256:fa6c47b933f01060936d87ae9327fead68768b69c6c9ea2109c48be30f2d4dbc"
            ],
            "version": "==1.3.0"
        },
        "smart-open": {
            "hashes": [
                "sha256:71d14489da58b60ce12fc3ecb823facc59a8b23cd1b58edb97175640350d3a62",
                "sha256:75abf758717a92a8f53aa96953f0c245c8cedf8e1e4184903db3659b419d4c17"
            ],
            "markers": "python_version >= '3.6' and python_version < '4'",
            "version": "==5.2.1"
        },
        "spacy": {
            "hashes": [
                "sha256:00d177d58f49df8199bff58ed2bd37b25b1810f53bde41279030c506d8b3ac72",
                "sha256:62b822ba097a2f2b61161306a7a9957ccc79dfed6a74ae7eb7572b3c3c153c03",
                "sha256:84b97d86d4a9afbb0b6b7623061ae79ac607460d80aa20eee477e33faf019a67",
                "sha256:868abe6d5f8ace6059ca4f4eeb6628c18ca40f9446b6fec50e86c42ac234c20d",
                "sha256:88d8440ec629df87ab3cc645e292eb9046c03a5b3255141401d367e494d5a51e",
                "sha256:8c8ca5b80e7b0ea3d485a44573d28a18173bf6b808661e4d740d02a985c3bf0d",
                "sha256:91ceedc85846d3e36c0c95142ec2e675bc725c9d0035c0cdb21b40261d047516",
                "sha256:a88d8f3b8849e3097e9e077e752dafcad8f5e557c9aba7099a83891e2153d141",
                "sha256:a8edc17de654f676e183173cf54325d22a13a832bd15d77c75a561578930123d",
                "sha256:a9df95ba949774ce6d34a4dacc766068bd812b1081a99375aa7db63df04527dc",
                "sha256:aaf6c35bf6d80dd2d001ff4ff2f6d73e676eec36fe3da4d006c14fe2f96a80f8",
                "sha256:cad15271b336c006ed6e4422b02283362cf92fc117886bccfb2d97291fd0c5e4",
                "sha256:cb4ac55c27741a35e1af6f9718d1562d4000256a5673b0a2474b57998cc71825",
                "sha256:d12b3e6568b7fde01b62ed42d0d578779774d091a33764d0f29def9b75363f81",
                "sha256:e9f2a5049843a92f4020452c82b697921d26d95560fd185e2d0336cb2607a5df",
                "sha256:f6ebac511627740a8ca2b117b91ef5515c8f0b2fb117a69ebe01d010dd4fc53c"
            ],
            "index": "pypi",
            "version": "==3.2.1"
        },
        "spacy-legacy": {
            "hashes": [
                "sha256:b4725c5c161f0685ab4fce3fc912bc68aefdb7e102ba9848e852bb5842256c2f",
                "sha256:eb37a3540bb461b5fe9348d4976784f18a0e345982e41e2c5c7cd8229889e825"
            ],
            "markers": "python_version >= '3.6'",
            "version": "==3.0.8"
        },
        "spacy-loggers": {
            "hashes": [
                "sha256:17d0e249b2e6c6546c49fc6561a0a685f91a8edbf24a5b2b7759ead443c74654",
                "sha256:5e610c980efb831fa428c24fd659e5dd850ea6140c9ed987efe0e8d26df3ee7c"
            ],
            "markers": "python_version >= '3.6'",
            "version": "==1.0.1"
        },
        "sqlalchemy": {
            "hashes": [
                "sha256:08e39d65b38d4c3f77c4c9bf090b0ba4ec5721a6e0a74b63d2a9781cdcacf142",
                "sha256:2019b332cf4f9a513133fdf056dc4cecec7fbae7016ebc574d0f310103eed7ee",
                "sha256:261fcb3ff8c59e17ec44f9e61713a44ceaa97ae816da978d5cd1dc2c36f32478",
                "sha256:29d10796e5604ab7bc067eda7231a2d2411a51eda43082673641245a49d1c4bb",
                "sha256:387365c157e96eceacdd6c5468815ad05a523ba778680de4c8139a029e1fe044",
                "sha256:38df997ffa9007e953ad574f2263f61b9b683fd63ae397480ea4960be9bda0fd",
                "sha256:3b64f5d1c1d0e5f2ed4aa66f2b65ff6bdcdf4c5cc83b71c4bbf69695b09e9e19",
                "sha256:41a02030f8934b0de843341e7014192a0c16ee2726a06da154c81153fbe56b33",
                "sha256:4490b10f83cd56ca2cdcd94b140d89911ac331e42a727b79157963b1b04fdd0c",
                "sha256:4999b03daa6c9afb9a0bf9e3b8769128ef1880557dacfca86fa7562920c49f6b",
                "sha256:525e962af8f25fc24ce019e6f237d49f8720d757a8a56c9b4caa2d91e2c66111",
                "sha256:555d56b71f61b4c9fa55fe203fe6e1e561c9385fa97c5849783ae050a89113af",
                "sha256:5639800f1cfe751569af2242041b30a08a6c0b9e5d95ed674ec8082d381eff13",
                "sha256:5d91dce14ac3347bce301062ca825e7fb7e15c133f3909f15989e94878b1082f",
                "sha256:61965abc63c8b54038574698888e91a126753a4bdc0ec001397acb14501834e0",
                "sha256:6dd6fa51cf08d9433d28802228d2204e175324f1a284c4492e4af2dd36a2d485",
                "sha256:7fdb7b775fb0739d3e71461509f978beb788935bc0aa9e47df14837cb33e5226",
                "sha256:83ee7f6fa5faed23996c67044376d46815f65183ad6d744d94d68b18cdef060b",
                "sha256:853de08e881dae0305647dd61b4429758f11d1bf02a9faf02793cad44bb2e0d5",
                "sha256:b5541355b8d4970753d4f7292f73a320704b20406e06cd29b469d156f0a484d8",
                "sha256:b72744fed32ecf2bf786d2e2f6756c04126c323ba939f47177b9722775626889",
                "sha256:bb2d8530b7cc94b7fd9341843c3e49b6db48ea22313a8db9df21c41615b5e7b1",
                "sha256:bf2c1d64c4ee0f30e08e1844ff0acf3c1b6c4277c0e89ec3e8bf1722d245b108",
                "sha256:c3497cd63c5f90112b8882ea4dd694052166f779ce9055cd5c4305e0b76d72d9",
                "sha256:c85ead1d17acc5e8b282c578394dba253728bcbcbeb66e4ef0e25f4bab53935a",
                "sha256:c90b21360cf14d33c8a004f991aa336c7906a8db825d4ec38722c5ff1c47dada",
                "sha256:ca500f30619daf863ab1c66d57d53a0987361a8f3266454290198aabd18f2599",
                "sha256:ce4f2b34378561bc2e42635888fe86efe13d104ba1d95b5ca67b4d60d8e53e67",
                "sha256:cf3a3c2f32d53a4166b2eb8de35f93bcb640e51c32033024af500017d8e8a8c9",
                "sha256:daddcd6ba1706cc5fcc9cfaa913aa4bf331172dc7efd385fe3ee1feae3b513bc",
                "sha256:dd041324328cece3ccdf70cfbd71b5ab968e564a22318ffd88b054f5eadeb9be",
                "sha256:dfa093bd8ecfceafff62078910178567323005e44fbe4d7933e6cbce4512cea2",
                "sha256:e659f256b7d402338563913bdeba53bf1eadd4c09e6f6dc93cc47938f7962a8f",
                "sha256:f25c02991e22ddce134ef1093ef5a9d5de448fc87b91432e4f879826e93cd1c7",
                "sha256:f667a947378bcb12a371ab38bed1b708f3a682d1ba30176422652082919285a2"
            ],
            "markers": "python_version >= '2.7' and python_version not in '3.0, 3.1, 3.2, 3.3, 3.4, 3.5'",
            "version": "==1.4.28"
        },
        "srsly": {
            "hashes": [
                "sha256:004d29a5abc0fe632434359c0be170490a69c4dce2c3de8a769944c37da7bb4b",
                "sha256:090072830cf2d5bd6765705a02463f586db8a586805d1c31a72080f971d311b5",
                "sha256:0df68c021ed3f481a5b2e408b57dc40caac66d36b17ef5235b14e9e6a2e24d68",
                "sha256:11b99f16a95fac43905bc31a4705b80ca8a23f201a5cb611a278e3b2d83c6175",
                "sha256:2aba252292767875086adf4e4380e27b024d73655456f796f8e07eb3a4dfacc0",
                "sha256:589118f912125742414125b7d671610bf2fe11382e79f1df8ec9324a915a3a18",
                "sha256:5e22bbc1a20abf749fa53adf101c36bc369ec63f496c7a44bf4f5f287d724900",
                "sha256:6259e9904ceb4802bcd4ce1114958ebdc30b756a87b94b0949a57ffd4f63421b",
                "sha256:7ced7ec4993b4d4ad73cc442f8f7a518368348054d510864b1aa149e8d71654d",
                "sha256:801c7e6e32c6a4721ab78ab7dafd01074fdb144f4876c09b25305c98f95c470f",
                "sha256:a2e8ee5f3a2a3a816b1d3d989d1b343d77900fa6b84e11c9fc1ac202d1a5dd17",
                "sha256:cadf13096c7157212c53c0a1af868eececf54e86ffb4e0429dff05d1b9bc423a",
                "sha256:d4bc36962208810d29c72156e0573dcbabd9914f42fede42217ccfcadd96beb6",
                "sha256:d590856db1e639b92c1a78b0cc1fe0d9436dd49037c9961bce959af5d7f66755",
                "sha256:f7e16f2a34d2d8ac6c6e1691f54ce27a5b4feb923207a9e294496458b98b0510",
                "sha256:ff042c5c3cc1eecd7cbb0a218975a7fd7f331a7f0a3f2e19eb0d6192a98bfdf7"
            ],
            "markers": "python_version >= '3.6'",
            "version": "==2.4.2"
        },
        "thinc": {
            "hashes": [
                "sha256:0f956c693d180209075703072fd226a24408cbe80eb67bd3b6eea407f61cb283",
                "sha256:1f274bcaa781aaf1dba5eac7da7d88d9b0cb8c2fd7477647f0ca9d3221dfb958",
                "sha256:27ea64843d6af0f3de8c788ec2a00598a1e5b4d57aadb52845fa42e95e4038c2",
                "sha256:2b217059c9e126220b77e7d6c9da56912c4e1eb4e8a11af14f17752e198e88cc",
                "sha256:47662a3ae33d445a77b6ea7b772444805c7bba8991f122e350daf72dedc8171a",
                "sha256:753f65e07860553551ed8806b934a74f26a4a50985d556ecd5c4ab50c29b3222",
                "sha256:a17d87469082b82c27b7d40dd86c793fc34c60f734209ee056cb02d7609f255b",
                "sha256:b3ae088f60d3dfe6a88c6be37548aae40023e46a718cffe3e43953b4f0ffc340",
                "sha256:b61f78f6f116d23438b034c3552804c9767c4165960b1d7e48f07b2e9a95afb0",
                "sha256:ba576af211ad2b00af78ab3e24e689289b29af8a9e51619ad55fab86871d8652",
                "sha256:ce322b66053819654d0444877154a08ed01cf5b45c6b3c9763e59b78af4f6039",
                "sha256:d52a5621e1784af5c64af4cfa9b2924358ca07aafd99014c57a736cf032e42f7",
                "sha256:def8e96eddb5a098d07dcf8752266095e14a6cf5d056ff766e2cdc542eb63f02",
                "sha256:f520daf45b7f42a04363852df43be1b423ae42d9327709d74f6c3279b3f73778",
                "sha256:f818b9f012169a11beb3561c43dc52080588e50cf495733e492efab8b9b4135e",
                "sha256:ffe0a4d74f2ba2819193a5d9179156256f44c69255d7ae286ce1861efcefbc64"
            ],
            "markers": "python_version >= '3.6'",
            "version": "==8.0.13"
        },
        "tqdm": {
            "hashes": [
                "sha256:8dd278a422499cd6b727e6ae4061c40b48fce8b76d1ccbf5d34fca9b7f925b0c",
                "sha256:d359de7217506c9851b7869f3708d8ee53ed70a1b8edbba4dbcb47442592920d"
            ],
            "markers": "python_version >= '2.7' and python_version not in '3.0, 3.1, 3.2, 3.3'",
            "version": "==4.62.3"
        },
        "tweepy": {
            "hashes": [
                "sha256:8d4b4520271b796fa7efc4c5d5ef3228af4d79f6a4d3ace3900b2778ed8f6f1c",
                "sha256:cf02c4fbbd027fbc7172c24d03f53f061329ac040b22d201e59592a1cff86364"
            ],
            "index": "pypi",
            "version": "==4.4.0"
        },
        "typer": {
            "hashes": [
                "sha256:63c3aeab0549750ffe40da79a1b524f60e08a2cbc3126c520ebf2eeaf507f5dd",
                "sha256:d81169725140423d072df464cad1ff25ee154ef381aaf5b8225352ea187ca338"
            ],
            "markers": "python_version >= '3.6'",
            "version": "==0.4.0"
        },
        "typing-extensions": {
            "hashes": [
                "sha256:4ca091dea149f945ec56afb48dae714f21e8692ef22a395223bcd328961b6a0e",
                "sha256:7f001e5ac290a0c0401508864c7ec868be4e701886d5b573a9528ed3973d9d3b"
            ],
            "markers": "python_version >= '3.6'",
            "version": "==4.0.1"
        },
        "urllib3": {
            "hashes": [
                "sha256:4987c65554f7a2dbf30c18fd48778ef124af6fab771a377103da0585e2336ece",
                "sha256:c4fdf4019605b6e5423637e01bc9fe4daef873709a7973e195ceba0a62bbc844"
            ],
            "markers": "python_version >= '2.7' and python_version not in '3.0, 3.1, 3.2, 3.3, 3.4' and python_version < '4'",
            "version": "==1.26.7"
        },
        "wasabi": {
            "hashes": [
                "sha256:152245d892030a3a7b511038e9472acff6d0e237cfe4123fef0d147f2d3274fc",
                "sha256:f40f317981d019903db5b69eb2bf78519c9e165c1dfdbd0452e4ca81ff9a31d2"
            ],
            "version": "==0.9.0"
        },
        "werkzeug": {
            "hashes": [
                "sha256:63d3dc1cf60e7b7e35e97fa9861f7397283b75d765afcaefd993d6046899de8f",
                "sha256:aa2bb6fc8dee8d6c504c0ac1e7f5f7dc5810a9903e793b6f715a9f015bdadb9a"
            ],
            "markers": "python_version >= '3.6'",
            "version": "==2.0.2"
        }
    },
    "develop": {}
}
